
Microsoft Visual Studio Solution File, Format Version 11.00
# Visual Studio 2010
Project("{FAE04EC0-301F-11D3-BF4B-00C04F79EFBC}") = "Breakout2017", "Assembly-CSharp.csproj", "{9BF09CDA-1789-60DF-C918-A19318E3316F}"
EndProject
Global
	GlobalSection(SolutionConfigurationPlatforms) = preSolution
		Debug|Any CPU = Debug|Any CPU
		Release|Any CPU = Release|Any CPU
	EndGlobalSection
	GlobalSection(ProjectConfigurationPlatforms) = postSolution
		{9BF09CDA-1789-60DF-C918-A19318E3316F}.Debug|Any CPU.ActiveCfg = Debug|Any CPU
		{9BF09CDA-1789-60DF-C918-A19318E3316F}.Debug|Any CPU.Build.0 = Debug|Any CPU
		{9BF09CDA-1789-60DF-C918-A19318E3316F}.Release|Any CPU.ActiveCfg = Release|Any CPU
		{9BF09CDA-1789-60DF-C918-A19318E3316F}.Release|Any CPU.Build.0 = Release|Any CPU
	EndGlobalSection
	GlobalSection(SolutionProperties) = preSolution
		HideSolutionNode = FALSE
	EndGlobalSection
	GlobalSection(MonoDevelopProperties) = preSolution
		StartupItem = Assembly-CSharp.csproj
	EndGlobalSection
EndGlobal
